{
    "version": 3,
    "terraform_version": "0.11.7",
    "serial": 8,
    "lineage": "3ee8e42c-4ea9-d5e5-229b-779d53428a3f",
    "modules": [
        {
            "path": [
                "root"
            ],
            "outputs": {
                "instance_ips": {
                    "sensitive": false,
                    "type": "list",
                    "value": [
                        "34.204.78.171",
                        "18.232.178.255"
                    ]
                }
            },
            "resources": {
                "aws_default_route_table.r": {
                    "type": "aws_default_route_table",
                    "depends_on": [
                        "aws_internet_gateway.igw",
                        "aws_vpc.myvpc"
                    ],
                    "primary": {
                        "id": "rtb-5c137523",
                        "attributes": {
                            "default_route_table_id": "rtb-5c137523",
                            "id": "rtb-5c137523",
                            "propagating_vgws.#": "0",
                            "route.#": "1",
                            "route.3320273026.cidr_block": "0.0.0.0/0",
                            "route.3320273026.egress_only_gateway_id": "",
                            "route.3320273026.gateway_id": "igw-ddebd9a5",
                            "route.3320273026.instance_id": "",
                            "route.3320273026.ipv6_cidr_block": "",
                            "route.3320273026.nat_gateway_id": "",
                            "route.3320273026.network_interface_id": "",
                            "route.3320273026.vpc_peering_connection_id": "",
                            "tags.%": "1",
                            "tags.Name": "Default-RT",
                            "vpc_id": "vpc-5c884a26"
                        },
                        "meta": {},
                        "tainted": false
                    },
                    "deposed": [],
                    "provider": "provider.aws"
                },
                "aws_instance.public-servers.0": {
                    "type": "aws_instance",
                    "depends_on": [
                        "aws_security_group.wipro_sg",
                        "aws_subnet.public",
                        "aws_subnet.public.*"
                    ],
                    "primary": {
                        "id": "i-0747c821c8f75d1dd",
                        "attributes": {
                            "ami": "ami-cfe4b2b0",
                            "associate_public_ip_address": "true",
                            "availability_zone": "us-east-1a",
                            "credit_specification.#": "1",
                            "credit_specification.0.cpu_credits": "standard",
                            "disable_api_termination": "false",
                            "ebs_block_device.#": "0",
                            "ebs_optimized": "false",
                            "ephemeral_block_device.#": "0",
                            "get_password_data": "false",
                            "iam_instance_profile": "",
                            "id": "i-0747c821c8f75d1dd",
                            "instance_state": "running",
                            "instance_type": "t2.micro",
                            "ipv6_addresses.#": "0",
                            "key_name": "suresh",
                            "monitoring": "false",
                            "network_interface.#": "0",
                            "network_interface_id": "eni-fd8905cd",
                            "password_data": "",
                            "placement_group": "",
                            "primary_network_interface_id": "eni-fd8905cd",
                            "private_dns": "ip-193-176-1-57.ec2.internal",
                            "private_ip": "193.176.1.57",
                            "public_dns": "",
                            "public_ip": "34.204.78.171",
                            "root_block_device.#": "1",
                            "root_block_device.0.delete_on_termination": "true",
                            "root_block_device.0.iops": "100",
                            "root_block_device.0.volume_id": "vol-07c3b497ee7f50e49",
                            "root_block_device.0.volume_size": "8",
                            "root_block_device.0.volume_type": "gp2",
                            "security_groups.#": "0",
                            "source_dest_check": "true",
                            "subnet_id": "subnet-f22994ae",
                            "tags.%": "1",
                            "tags.Name": "PublicServer-1",
                            "tenancy": "default",
                            "user_data": "2e4ca92df6397d36a7658fb2d323642220bf266b",
                            "volume_tags.%": "0",
                            "vpc_security_group_ids.#": "1",
                            "vpc_security_group_ids.874792296": "sg-5177001b"
                        },
                        "meta": {
                            "e2bfb730-ecaa-11e6-8f88-34363bc7c4c0": {
                                "create": 600000000000,
                                "delete": 1200000000000,
                                "update": 600000000000
                            },
                            "schema_version": "1"
                        },
                        "tainted": false
                    },
                    "deposed": [],
                    "provider": "provider.aws"
                },
                "aws_instance.public-servers.1": {
                    "type": "aws_instance",
                    "depends_on": [
                        "aws_security_group.wipro_sg",
                        "aws_subnet.public",
                        "aws_subnet.public.*"
                    ],
                    "primary": {
                        "id": "i-0b06be0766bff0aa8",
                        "attributes": {
                            "ami": "ami-cfe4b2b0",
                            "associate_public_ip_address": "true",
                            "availability_zone": "us-east-1b",
                            "credit_specification.#": "1",
                            "credit_specification.0.cpu_credits": "standard",
                            "disable_api_termination": "false",
                            "ebs_block_device.#": "0",
                            "ebs_optimized": "false",
                            "ephemeral_block_device.#": "0",
                            "get_password_data": "false",
                            "iam_instance_profile": "",
                            "id": "i-0b06be0766bff0aa8",
                            "instance_state": "running",
                            "instance_type": "t2.micro",
                            "ipv6_addresses.#": "0",
                            "key_name": "suresh",
                            "monitoring": "false",
                            "network_interface.#": "0",
                            "network_interface_id": "eni-05954e80",
                            "password_data": "",
                            "placement_group": "",
                            "primary_network_interface_id": "eni-05954e80",
                            "private_dns": "ip-193-176-2-61.ec2.internal",
                            "private_ip": "193.176.2.61",
                            "public_dns": "",
                            "public_ip": "18.232.178.255",
                            "root_block_device.#": "1",
                            "root_block_device.0.delete_on_termination": "true",
                            "root_block_device.0.iops": "100",
                            "root_block_device.0.volume_id": "vol-00f45f2133f3dacff",
                            "root_block_device.0.volume_size": "8",
                            "root_block_device.0.volume_type": "gp2",
                            "security_groups.#": "0",
                            "source_dest_check": "true",
                            "subnet_id": "subnet-519e2d36",
                            "tags.%": "1",
                            "tags.Name": "PublicServer-2",
                            "tenancy": "default",
                            "user_data": "2e4ca92df6397d36a7658fb2d323642220bf266b",
                            "volume_tags.%": "0",
                            "vpc_security_group_ids.#": "1",
                            "vpc_security_group_ids.874792296": "sg-5177001b"
                        },
                        "meta": {
                            "e2bfb730-ecaa-11e6-8f88-34363bc7c4c0": {
                                "create": 600000000000,
                                "delete": 1200000000000,
                                "update": 600000000000
                            },
                            "schema_version": "1"
                        },
                        "tainted": false
                    },
                    "deposed": [],
                    "provider": "provider.aws"
                },
                "aws_internet_gateway.igw": {
                    "type": "aws_internet_gateway",
                    "depends_on": [
                        "aws_vpc.myvpc"
                    ],
                    "primary": {
                        "id": "igw-ddebd9a5",
                        "attributes": {
                            "id": "igw-ddebd9a5",
                            "tags.%": "1",
                            "tags.Name": "wipro-igw",
                            "vpc_id": "vpc-5c884a26"
                        },
                        "meta": {},
                        "tainted": false
                    },
                    "deposed": [],
                    "provider": "provider.aws"
                },
                "aws_security_group.wipro_sg": {
                    "type": "aws_security_group",
                    "depends_on": [
                        "aws_vpc.myvpc"
                    ],
                    "primary": {
                        "id": "sg-5177001b",
                        "attributes": {
                            "arn": "arn:aws:ec2:us-east-1:682447408639:security-group/sg-5177001b",
                            "description": "Allow http traffic",
                            "egress.#": "1",
                            "egress.482069346.cidr_blocks.#": "1",
                            "egress.482069346.cidr_blocks.0": "0.0.0.0/0",
                            "egress.482069346.description": "",
                            "egress.482069346.from_port": "0",
                            "egress.482069346.ipv6_cidr_blocks.#": "0",
                            "egress.482069346.prefix_list_ids.#": "0",
                            "egress.482069346.protocol": "-1",
                            "egress.482069346.security_groups.#": "0",
                            "egress.482069346.self": "false",
                            "egress.482069346.to_port": "0",
                            "id": "sg-5177001b",
                            "ingress.#": "2",
                            "ingress.2214680975.cidr_blocks.#": "1",
                            "ingress.2214680975.cidr_blocks.0": "0.0.0.0/0",
                            "ingress.2214680975.description": "",
                            "ingress.2214680975.from_port": "80",
                            "ingress.2214680975.ipv6_cidr_blocks.#": "0",
                            "ingress.2214680975.protocol": "tcp",
                            "ingress.2214680975.security_groups.#": "0",
                            "ingress.2214680975.self": "false",
                            "ingress.2214680975.to_port": "80",
                            "ingress.2541437006.cidr_blocks.#": "1",
                            "ingress.2541437006.cidr_blocks.0": "0.0.0.0/0",
                            "ingress.2541437006.description": "",
                            "ingress.2541437006.from_port": "22",
                            "ingress.2541437006.ipv6_cidr_blocks.#": "0",
                            "ingress.2541437006.protocol": "tcp",
                            "ingress.2541437006.security_groups.#": "0",
                            "ingress.2541437006.self": "false",
                            "ingress.2541437006.to_port": "22",
                            "name": "web_sg",
                            "owner_id": "682447408639",
                            "revoke_rules_on_delete": "false",
                            "tags.%": "0",
                            "vpc_id": "vpc-5c884a26"
                        },
                        "meta": {
                            "e2bfb730-ecaa-11e6-8f88-34363bc7c4c0": {
                                "create": 600000000000,
                                "delete": 600000000000
                            },
                            "schema_version": "1"
                        },
                        "tainted": false
                    },
                    "deposed": [],
                    "provider": "provider.aws"
                },
                "aws_subnet.public.0": {
                    "type": "aws_subnet",
                    "depends_on": [
                        "aws_vpc.myvpc",
                        "data.aws_availability_zones.all"
                    ],
                    "primary": {
                        "id": "subnet-f22994ae",
                        "attributes": {
                            "assign_ipv6_address_on_creation": "false",
                            "availability_zone": "us-east-1a",
                            "cidr_block": "193.176.1.0/26",
                            "id": "subnet-f22994ae",
                            "map_public_ip_on_launch": "true",
                            "tags.%": "1",
                            "tags.Name": "PublicSubnet-1",
                            "vpc_id": "vpc-5c884a26"
                        },
                        "meta": {
                            "schema_version": "1"
                        },
                        "tainted": false
                    },
                    "deposed": [],
                    "provider": "provider.aws"
                },
                "aws_subnet.public.1": {
                    "type": "aws_subnet",
                    "depends_on": [
                        "aws_vpc.myvpc",
                        "data.aws_availability_zones.all"
                    ],
                    "primary": {
                        "id": "subnet-519e2d36",
                        "attributes": {
                            "assign_ipv6_address_on_creation": "false",
                            "availability_zone": "us-east-1b",
                            "cidr_block": "193.176.2.0/26",
                            "id": "subnet-519e2d36",
                            "map_public_ip_on_launch": "true",
                            "tags.%": "1",
                            "tags.Name": "PublicSubnet-2",
                            "vpc_id": "vpc-5c884a26"
                        },
                        "meta": {
                            "schema_version": "1"
                        },
                        "tainted": false
                    },
                    "deposed": [],
                    "provider": "provider.aws"
                },
                "aws_vpc.myvpc": {
                    "type": "aws_vpc",
                    "depends_on": [],
                    "primary": {
                        "id": "vpc-5c884a26",
                        "attributes": {
                            "assign_generated_ipv6_cidr_block": "false",
                            "cidr_block": "193.176.0.0/16",
                            "default_network_acl_id": "acl-d1b893ab",
                            "default_route_table_id": "rtb-5c137523",
                            "default_security_group_id": "sg-5e275014",
                            "dhcp_options_id": "dopt-fd1f7385",
                            "enable_classiclink": "false",
                            "enable_classiclink_dns_support": "false",
                            "enable_dns_hostnames": "false",
                            "enable_dns_support": "true",
                            "id": "vpc-5c884a26",
                            "instance_tenancy": "default",
                            "main_route_table_id": "rtb-5c137523",
                            "tags.%": "1",
                            "tags.Name": "WIPRO-VPC"
                        },
                        "meta": {
                            "schema_version": "1"
                        },
                        "tainted": false
                    },
                    "deposed": [],
                    "provider": "provider.aws"
                },
                "data.aws_availability_zones.all": {
                    "type": "aws_availability_zones",
                    "depends_on": [],
                    "primary": {
                        "id": "2018-07-26 02:45:23.2607675 +0000 UTC",
                        "attributes": {
                            "id": "2018-07-26 02:45:23.2607675 +0000 UTC",
                            "names.#": "6",
                            "names.0": "us-east-1a",
                            "names.1": "us-east-1b",
                            "names.2": "us-east-1c",
                            "names.3": "us-east-1d",
                            "names.4": "us-east-1e",
                            "names.5": "us-east-1f"
                        },
                        "meta": {},
                        "tainted": false
                    },
                    "deposed": [],
                    "provider": "provider.aws"
                }
            },
            "depends_on": []
        }
    ]
}
